
Microsoft Visual Studio Solution File, Format Version 12.00
# Visual Studio Version 17
VisualStudioVersion = 17.14.37216.2
MinimumVisualStudioVersion = 10.0.40219.1
Project("{FAE04EC0-301F-11D3-BF4B-00C04F79EFBC}") = "BU_Love", "BU_Love\BU_Love.csproj", "{BC76A71B-7E06-4852-96C1-058A21DFECD7}"
	ProjectSection(ProjectDependencies) = postProject
		{FC33D1A6-84E7-48CE-9E9B-8A3F55863940} = {FC33D1A6-84E7-48CE-9E9B-8A3F55863940}
	EndProjectSection
EndProject
Project("{FAE04EC0-301F-11D3-BF4B-00C04F79EFBC}") = "BU_Love.API", "BU_Love.API\BU_Love.API.csproj", "{FC33D1A6-84E7-48CE-9E9B-8A3F55863940}"
EndProject
Project("{FAE04EC0-301F-11D3-BF4B-00C04F79EFBC}") = "TestProject", "TestProject\TestProject.csproj", "{54C16756-2E9F-41BD-9412-E2A4E4C18E17}"
EndProject
Global
	GlobalSection(SolutionConfigurationPlatforms) = preSolution
		Debug|Any CPU = Debug|Any CPU
		Release|Any CPU = Release|Any CPU
	EndGlobalSection
	GlobalSection(ProjectConfigurationPlatforms) = postSolution
		{BC76A71B-7E06-4852-96C1-058A21DFECD7}.Debug|Any CPU.ActiveCfg = Debug|Any CPU
		{BC76A71B-7E06-4852-96C1-058A21DFECD7}.Debug|Any CPU.Build.0 = Debug|Any CPU
		{BC76A71B-7E06-4852-96C1-058A21DFECD7}.Release|Any CPU.ActiveCfg = Release|Any CPU
		{BC76A71B-7E06-4852-96C1-058A21DFECD7}.Release|Any CPU.Build.0 = Release|Any CPU
		{FC33D1A6-84E7-48CE-9E9B-8A3F55863940}.Debug|Any CPU.ActiveCfg = Debug|Any CPU
		{FC33D1A6-84E7-48CE-9E9B-8A3F55863940}.Debug|Any CPU.Build.0 = Debug|Any CPU
		{FC33D1A6-84E7-48CE-9E9B-8A3F55863940}.Release|Any CPU.ActiveCfg = Release|Any CPU
		{FC33D1A6-84E7-48CE-9E9B-8A3F55863940}.Release|Any CPU.Build.0 = Release|Any CPU
		{54C16756-2E9F-41BD-9412-E2A4E4C18E17}.Debug|Any CPU.ActiveCfg = Debug|Any CPU
		{54C16756-2E9F-41BD-9412-E2A4E4C18E17}.Debug|Any CPU.Build.0 = Debug|Any CPU
		{54C16756-2E9F-41BD-9412-E2A4E4C18E17}.Release|Any CPU.ActiveCfg = Release|Any CPU
		{54C16756-2E9F-41BD-9412-E2A4E4C18E17}.Release|Any CPU.Build.0 = Release|Any CPU
	EndGlobalSection
	GlobalSection(SolutionProperties) = preSolution
		HideSolutionNode = FALSE
	EndGlobalSection
	GlobalSection(ExtensibilityGlobals) = postSolution
		SolutionGuid = {8F26CE3E-7D8F-493E-B288-2101BE3B1CD1}
	EndGlobalSection
EndGlobal
